
Microsoft Visual Studio Solution File, Format Version 12.00
# Visual Studio Version 17
VisualStudioVersion = 17.4.33205.214
MinimumVisualStudioVersion = 10.0.40219.1
Project("{9A19103F-16F7-4668-BE54-9A1E7A4F7556}") = "WPFClient", "WPFClient\WPFClient.csproj", "{73F66D78-0F6A-4FF1-9DE2-7A516FF330C3}"
EndProject
Project("{9A19103F-16F7-4668-BE54-9A1E7A4F7556}") = "CSharpEngineServer", "CSharpEngineServer\CSharpEngineServer.csproj", "{ED3E7B29-661B-4D0A-ADD6-0ECDFB43F8EB}"
EndProject
Project("{8BC9CEB8-8B4A-11D0-8D11-00A0C91BC942}") = "CppEngineServer", "CppEngineServer\CppEngineServer.vcxproj", "{D4DCAE24-EA04-4167-A18A-1EF06F15CBAC}"
EndProject
Project("{FAE04EC0-301F-11D3-BF4B-00C04F79EFBC}") = "Client", "Client\Client.csproj", "{79681DFA-270F-4014-9FC8-E19E564967CD}"
EndProject
Global
	GlobalSection(SolutionConfigurationPlatforms) = preSolution
		Debug|Any CPU = Debug|Any CPU
		Debug|x64 = Debug|x64
		Debug|x86 = Debug|x86
		Release|Any CPU = Release|Any CPU
		Release|x64 = Release|x64
		Release|x86 = Release|x86
	EndGlobalSection
	GlobalSection(ProjectConfigurationPlatforms) = postSolution
		{73F66D78-0F6A-4FF1-9DE2-7A516FF330C3}.Debug|Any CPU.ActiveCfg = Debug|Any CPU
		{73F66D78-0F6A-4FF1-9DE2-7A516FF330C3}.Debug|Any CPU.Build.0 = Debug|Any CPU
		{73F66D78-0F6A-4FF1-9DE2-7A516FF330C3}.Debug|x64.ActiveCfg = Debug|Any CPU
		{73F66D78-0F6A-4FF1-9DE2-7A516FF330C3}.Debug|x64.Build.0 = Debug|Any CPU
		{73F66D78-0F6A-4FF1-9DE2-7A516FF330C3}.Debug|x86.ActiveCfg = Debug|Any CPU
		{73F66D78-0F6A-4FF1-9DE2-7A516FF330C3}.Debug|x86.Build.0 = Debug|Any CPU
		{73F66D78-0F6A-4FF1-9DE2-7A516FF330C3}.Release|Any CPU.ActiveCfg = Release|Any CPU
		{73F66D78-0F6A-4FF1-9DE2-7A516FF330C3}.Release|Any CPU.Build.0 = Release|Any CPU
		{73F66D78-0F6A-4FF1-9DE2-7A516FF330C3}.Release|x64.ActiveCfg = Release|Any CPU
		{73F66D78-0F6A-4FF1-9DE2-7A516FF330C3}.Release|x64.Build.0 = Release|Any CPU
		{73F66D78-0F6A-4FF1-9DE2-7A516FF330C3}.Release|x86.ActiveCfg = Release|Any CPU
		{73F66D78-0F6A-4FF1-9DE2-7A516FF330C3}.Release|x86.Build.0 = Release|Any CPU
		{ED3E7B29-661B-4D0A-ADD6-0ECDFB43F8EB}.Debug|Any CPU.ActiveCfg = Debug|Any CPU
		{ED3E7B29-661B-4D0A-ADD6-0ECDFB43F8EB}.Debug|Any CPU.Build.0 = Debug|Any CPU
		{ED3E7B29-661B-4D0A-ADD6-0ECDFB43F8EB}.Debug|x64.ActiveCfg = Debug|Any CPU
		{ED3E7B29-661B-4D0A-ADD6-0ECDFB43F8EB}.Debug|x64.Build.0 = Debug|Any CPU
		{ED3E7B29-661B-4D0A-ADD6-0ECDFB43F8EB}.Debug|x86.ActiveCfg = Debug|Any CPU
		{ED3E7B29-661B-4D0A-ADD6-0ECDFB43F8EB}.Debug|x86.Build.0 = Debug|Any CPU
		{ED3E7B29-661B-4D0A-ADD6-0ECDFB43F8EB}.Release|Any CPU.ActiveCfg = Release|Any CPU
		{ED3E7B29-661B-4D0A-ADD6-0ECDFB43F8EB}.Release|Any CPU.Build.0 = Release|Any CPU
		{ED3E7B29-661B-4D0A-ADD6-0ECDFB43F8EB}.Release|x64.ActiveCfg = Release|Any CPU
		{ED3E7B29-661B-4D0A-ADD6-0ECDFB43F8EB}.Release|x64.Build.0 = Release|Any CPU
		{ED3E7B29-661B-4D0A-ADD6-0ECDFB43F8EB}.Release|x86.ActiveCfg = Release|Any CPU
		{ED3E7B29-661B-4D0A-ADD6-0ECDFB43F8EB}.Release|x86.Build.0 = Release|Any CPU
		{D4DCAE24-EA04-4167-A18A-1EF06F15CBAC}.Debug|Any CPU.ActiveCfg = Debug|x64
		{D4DCAE24-EA04-4167-A18A-1EF06F15CBAC}.Debug|Any CPU.Build.0 = Debug|x64
		{D4DCAE24-EA04-4167-A18A-1EF06F15CBAC}.Debug|x64.ActiveCfg = Debug|x64
		{D4DCAE24-EA04-4167-A18A-1EF06F15CBAC}.Debug|x64.Build.0 = Debug|x64
		{D4DCAE24-EA04-4167-A18A-1EF06F15CBAC}.Debug|x86.ActiveCfg = Debug|Win32
		{D4DCAE24-EA04-4167-A18A-1EF06F15CBAC}.Debug|x86.Build.0 = Debug|Win32
		{D4DCAE24-EA04-4167-A18A-1EF06F15CBAC}.Release|Any CPU.ActiveCfg = Release|x64
		{D4DCAE24-EA04-4167-A18A-1EF06F15CBAC}.Release|Any CPU.Build.0 = Release|x64
		{D4DCAE24-EA04-4167-A18A-1EF06F15CBAC}.Release|x64.ActiveCfg = Release|x64
		{D4DCAE24-EA04-4167-A18A-1EF06F15CBAC}.Release|x64.Build.0 = Release|x64
		{D4DCAE24-EA04-4167-A18A-1EF06F15CBAC}.Release|x86.ActiveCfg = Release|Win32
		{D4DCAE24-EA04-4167-A18A-1EF06F15CBAC}.Release|x86.Build.0 = Release|Win32
		{79681DFA-270F-4014-9FC8-E19E564967CD}.Debug|Any CPU.ActiveCfg = Debug|Any CPU
		{79681DFA-270F-4014-9FC8-E19E564967CD}.Debug|Any CPU.Build.0 = Debug|Any CPU
		{79681DFA-270F-4014-9FC8-E19E564967CD}.Debug|x64.ActiveCfg = Debug|Any CPU
		{79681DFA-270F-4014-9FC8-E19E564967CD}.Debug|x64.Build.0 = Debug|Any CPU
		{79681DFA-270F-4014-9FC8-E19E564967CD}.Debug|x86.ActiveCfg = Debug|Any CPU
		{79681DFA-270F-4014-9FC8-E19E564967CD}.Debug|x86.Build.0 = Debug|Any CPU
		{79681DFA-270F-4014-9FC8-E19E564967CD}.Release|Any CPU.ActiveCfg = Release|Any CPU
		{79681DFA-270F-4014-9FC8-E19E564967CD}.Release|Any CPU.Build.0 = Release|Any CPU
		{79681DFA-270F-4014-9FC8-E19E564967CD}.Release|x64.ActiveCfg = Release|Any CPU
		{79681DFA-270F-4014-9FC8-E19E564967CD}.Release|x64.Build.0 = Release|Any CPU
		{79681DFA-270F-4014-9FC8-E19E564967CD}.Release|x86.ActiveCfg = Release|Any CPU
		{79681DFA-270F-4014-9FC8-E19E564967CD}.Release|x86.Build.0 = Release|Any CPU
	EndGlobalSection
	GlobalSection(SolutionProperties) = preSolution
		HideSolutionNode = FALSE
	EndGlobalSection
	GlobalSection(ExtensibilityGlobals) = postSolution
		SolutionGuid = {BD211D82-AFD8-44C0-9F27-B5921E733D65}
	EndGlobalSection
EndGlobal
